
Microsoft Visual Studio Solution File, Format Version 12.00
# Visual Studio Version 16
VisualStudioVersion = 16.0.30717.126
MinimumVisualStudioVersion = 10.0.40219.1
Project("{9A19103F-16F7-4668-BE54-9A1E7A4F7556}") = "ApiCalculaJuros", "ApiCalculaJuros\ApiCalculaJuros.csproj", "{4C7DA59C-563D-45D3-827B-5A2C6AD434E1}"
EndProject
Project("{FAE04EC0-301F-11D3-BF4B-00C04F79EFBC}") = "ApiCalculaJuros.Test", "ApiCalculaJuros.Test\ApiCalculaJuros.Test.csproj", "{0515E350-CFC1-4057-A0B2-842ACF8DB213}"
EndProject
Project("{FAE04EC0-301F-11D3-BF4B-00C04F79EFBC}") = "ApiCalculaJuros.TesteIntegracao", "ApiCalculaJuros.TesteIntegracao\ApiCalculaJuros.TesteIntegracao.csproj", "{F15E33F6-79C9-4FF7-989F-A0CA6812EE9F}"
EndProject
Global
	GlobalSection(SolutionConfigurationPlatforms) = preSolution
		Debug|Any CPU = Debug|Any CPU
		Release|Any CPU = Release|Any CPU
	EndGlobalSection
	GlobalSection(ProjectConfigurationPlatforms) = postSolution
		{4C7DA59C-563D-45D3-827B-5A2C6AD434E1}.Debug|Any CPU.ActiveCfg = Debug|Any CPU
		{4C7DA59C-563D-45D3-827B-5A2C6AD434E1}.Debug|Any CPU.Build.0 = Debug|Any CPU
		{4C7DA59C-563D-45D3-827B-5A2C6AD434E1}.Release|Any CPU.ActiveCfg = Release|Any CPU
		{4C7DA59C-563D-45D3-827B-5A2C6AD434E1}.Release|Any CPU.Build.0 = Release|Any CPU
		{0515E350-CFC1-4057-A0B2-842ACF8DB213}.Debug|Any CPU.ActiveCfg = Debug|Any CPU
		{0515E350-CFC1-4057-A0B2-842ACF8DB213}.Debug|Any CPU.Build.0 = Debug|Any CPU
		{0515E350-CFC1-4057-A0B2-842ACF8DB213}.Release|Any CPU.ActiveCfg = Release|Any CPU
		{0515E350-CFC1-4057-A0B2-842ACF8DB213}.Release|Any CPU.Build.0 = Release|Any CPU
		{F15E33F6-79C9-4FF7-989F-A0CA6812EE9F}.Debug|Any CPU.ActiveCfg = Debug|Any CPU
		{F15E33F6-79C9-4FF7-989F-A0CA6812EE9F}.Debug|Any CPU.Build.0 = Debug|Any CPU
		{F15E33F6-79C9-4FF7-989F-A0CA6812EE9F}.Release|Any CPU.ActiveCfg = Release|Any CPU
		{F15E33F6-79C9-4FF7-989F-A0CA6812EE9F}.Release|Any CPU.Build.0 = Release|Any CPU
	EndGlobalSection
	GlobalSection(SolutionProperties) = preSolution
		HideSolutionNode = FALSE
	EndGlobalSection
	GlobalSection(ExtensibilityGlobals) = postSolution
		SolutionGuid = {E0B8CD87-036E-4EA1-958D-4FBEBFAA7576}
	EndGlobalSection
EndGlobal
